
Microsoft Visual Studio Solution File, Format Version 12.00
# Visual Studio Version 17
VisualStudioVersion = 17.1.32414.318
MinimumVisualStudioVersion = 10.0.40219.1
Project("{FAE04EC0-301F-11D3-BF4B-00C04F79EFBC}") = "ResiliencyPattern.ProductApi", "ResiliencyPattern.ProductApi\ResiliencyPattern.ProductApi.csproj", "{7482C376-D510-43DE-B7E7-13024A89C156}"
EndProject
Project("{FAE04EC0-301F-11D3-BF4B-00C04F79EFBC}") = "ResiliencyPattern.CategoryApi", "ResiliencyPattern.CategoryApi\ResiliencyPattern.CategoryApi.csproj", "{BAB5095A-162A-4F1B-A9A3-68799877813E}"
EndProject
Project("{FAE04EC0-301F-11D3-BF4B-00C04F79EFBC}") = "ResiliencyPattern.StockApi", "ResiliencyPattern.StockApi\ResiliencyPattern.StockApi.csproj", "{AEDC2B99-401B-4317-B350-53701039BC2D}"
EndProject
Global
	GlobalSection(SolutionConfigurationPlatforms) = preSolution
		Debug|Any CPU = Debug|Any CPU
		Release|Any CPU = Release|Any CPU
	EndGlobalSection
	GlobalSection(ProjectConfigurationPlatforms) = postSolution
		{7482C376-D510-43DE-B7E7-13024A89C156}.Debug|Any CPU.ActiveCfg = Debug|Any CPU
		{7482C376-D510-43DE-B7E7-13024A89C156}.Debug|Any CPU.Build.0 = Debug|Any CPU
		{7482C376-D510-43DE-B7E7-13024A89C156}.Release|Any CPU.ActiveCfg = Release|Any CPU
		{7482C376-D510-43DE-B7E7-13024A89C156}.Release|Any CPU.Build.0 = Release|Any CPU
		{BAB5095A-162A-4F1B-A9A3-68799877813E}.Debug|Any CPU.ActiveCfg = Debug|Any CPU
		{BAB5095A-162A-4F1B-A9A3-68799877813E}.Debug|Any CPU.Build.0 = Debug|Any CPU
		{BAB5095A-162A-4F1B-A9A3-68799877813E}.Release|Any CPU.ActiveCfg = Release|Any CPU
		{BAB5095A-162A-4F1B-A9A3-68799877813E}.Release|Any CPU.Build.0 = Release|Any CPU
		{AEDC2B99-401B-4317-B350-53701039BC2D}.Debug|Any CPU.ActiveCfg = Debug|Any CPU
		{AEDC2B99-401B-4317-B350-53701039BC2D}.Debug|Any CPU.Build.0 = Debug|Any CPU
		{AEDC2B99-401B-4317-B350-53701039BC2D}.Release|Any CPU.ActiveCfg = Release|Any CPU
		{AEDC2B99-401B-4317-B350-53701039BC2D}.Release|Any CPU.Build.0 = Release|Any CPU
	EndGlobalSection
	GlobalSection(SolutionProperties) = preSolution
		HideSolutionNode = FALSE
	EndGlobalSection
	GlobalSection(ExtensibilityGlobals) = postSolution
		SolutionGuid = {79E4C6E8-1803-4C3E-B780-8B8FC779C3A3}
	EndGlobalSection
EndGlobal
